
Microsoft Visual Studio Solution File, Format Version 12.00
# Visual Studio 15
VisualStudioVersion = 15.0.26730.12
MinimumVisualStudioVersion = 10.0.40219.1
Project("{FAE04EC0-301F-11D3-BF4B-00C04F79EFBC}") = "EasySpeedup", "EasySpeedup.csproj", "{750A7E23-CC83-4C8B-ABE9-6CA538E0BB3E}"
EndProject
Global
	GlobalSection(SolutionConfigurationPlatforms) = preSolution
		Release|Any CPU = Release|Any CPU
	EndGlobalSection
	GlobalSection(ProjectConfigurationPlatforms) = postSolution
		{750A7E23-CC83-4C8B-ABE9-6CA538E0BB3E}.Release|Any CPU.ActiveCfg = Release|Any CPU
		{750A7E23-CC83-4C8B-ABE9-6CA538E0BB3E}.Release|Any CPU.Build.0 = Release|Any CPU
	EndGlobalSection
	GlobalSection(SolutionProperties) = preSolution
		HideSolutionNode = FALSE
	EndGlobalSection
	GlobalSection(ExtensibilityGlobals) = postSolution
		SolutionGuid = {313190B0-FA96-486B-B0CB-0027A7FAEE20}
	EndGlobalSection
EndGlobal
